
Microsoft Visual Studio Solution File, Format Version 12.00
# Visual Studio 14
VisualStudioVersion = 14.0.24720.0
MinimumVisualStudioVersion = 10.0.40219.1
Project("{FAE04EC0-301F-11D3-BF4B-00C04F79EFBC}") = "TwitterLike", "TwitterLike\TwitterLike.csproj", "{01343AF4-CF27-481D-A54C-22BBA4929FCA}"
EndProject
Project("{2150E333-8FDC-42A3-9474-1A3956D46DE8}") = "Web", "Web", "{FF018A3E-19A8-48CF-A1DE-AE182CEFCBEA}"
EndProject
Project("{2150E333-8FDC-42A3-9474-1A3956D46DE8}") = "Data", "Data", "{4C08FEA4-DFDB-40D9-A288-1BC125649B97}"
EndProject
Project("{FAE04EC0-301F-11D3-BF4B-00C04F79EFBC}") = "TwitterLike.Data", "TwitterLike.Data\TwitterLike.Data.csproj", "{46A22BA5-8F55-4703-8FA0-5698D981C83D}"
EndProject
Project("{2150E333-8FDC-42A3-9474-1A3956D46DE8}") = "Services", "Services", "{5329A0ED-EB78-457C-864D-ACBECA2CFBBC}"
EndProject
Project("{FAE04EC0-301F-11D3-BF4B-00C04F79EFBC}") = "TwitterLike.Services", "TwitterLike.Services\TwitterLike.Services.csproj", "{6EBAB3C7-5E94-4714-8DD6-47FF74FE94B1}"
EndProject
Project("{FAE04EC0-301F-11D3-BF4B-00C04F79EFBC}") = "TwitterLike.UnitOfWork", "GenericUnitOfWork\TwitterLike.UnitOfWork.csproj", "{1F105A20-30B1-445E-8DE2-01FB5BD4FC48}"
EndProject
Project("{FAE04EC0-301F-11D3-BF4B-00C04F79EFBC}") = "TwitterLike.RssReader", "RssReader\TwitterLike.RssReader.csproj", "{DE0DBC37-FA08-44E4-81BE-F34BA8F2F037}"
EndProject
Global
	GlobalSection(SolutionConfigurationPlatforms) = preSolution
		Debug|Any CPU = Debug|Any CPU
		Release|Any CPU = Release|Any CPU
	EndGlobalSection
	GlobalSection(ProjectConfigurationPlatforms) = postSolution
		{01343AF4-CF27-481D-A54C-22BBA4929FCA}.Debug|Any CPU.ActiveCfg = Debug|Any CPU
		{01343AF4-CF27-481D-A54C-22BBA4929FCA}.Debug|Any CPU.Build.0 = Debug|Any CPU
		{01343AF4-CF27-481D-A54C-22BBA4929FCA}.Release|Any CPU.ActiveCfg = Release|Any CPU
		{01343AF4-CF27-481D-A54C-22BBA4929FCA}.Release|Any CPU.Build.0 = Release|Any CPU
		{46A22BA5-8F55-4703-8FA0-5698D981C83D}.Debug|Any CPU.ActiveCfg = Debug|Any CPU
		{46A22BA5-8F55-4703-8FA0-5698D981C83D}.Debug|Any CPU.Build.0 = Debug|Any CPU
		{46A22BA5-8F55-4703-8FA0-5698D981C83D}.Release|Any CPU.ActiveCfg = Release|Any CPU
		{46A22BA5-8F55-4703-8FA0-5698D981C83D}.Release|Any CPU.Build.0 = Release|Any CPU
		{6EBAB3C7-5E94-4714-8DD6-47FF74FE94B1}.Debug|Any CPU.ActiveCfg = Debug|Any CPU
		{6EBAB3C7-5E94-4714-8DD6-47FF74FE94B1}.Debug|Any CPU.Build.0 = Debug|Any CPU
		{6EBAB3C7-5E94-4714-8DD6-47FF74FE94B1}.Release|Any CPU.ActiveCfg = Release|Any CPU
		{6EBAB3C7-5E94-4714-8DD6-47FF74FE94B1}.Release|Any CPU.Build.0 = Release|Any CPU
		{1F105A20-30B1-445E-8DE2-01FB5BD4FC48}.Debug|Any CPU.ActiveCfg = Debug|Any CPU
		{1F105A20-30B1-445E-8DE2-01FB5BD4FC48}.Debug|Any CPU.Build.0 = Debug|Any CPU
		{1F105A20-30B1-445E-8DE2-01FB5BD4FC48}.Release|Any CPU.ActiveCfg = Release|Any CPU
		{1F105A20-30B1-445E-8DE2-01FB5BD4FC48}.Release|Any CPU.Build.0 = Release|Any CPU
		{DE0DBC37-FA08-44E4-81BE-F34BA8F2F037}.Debug|Any CPU.ActiveCfg = Debug|Any CPU
		{DE0DBC37-FA08-44E4-81BE-F34BA8F2F037}.Debug|Any CPU.Build.0 = Debug|Any CPU
		{DE0DBC37-FA08-44E4-81BE-F34BA8F2F037}.Release|Any CPU.ActiveCfg = Release|Any CPU
		{DE0DBC37-FA08-44E4-81BE-F34BA8F2F037}.Release|Any CPU.Build.0 = Release|Any CPU
	EndGlobalSection
	GlobalSection(SolutionProperties) = preSolution
		HideSolutionNode = FALSE
	EndGlobalSection
	GlobalSection(NestedProjects) = preSolution
		{01343AF4-CF27-481D-A54C-22BBA4929FCA} = {FF018A3E-19A8-48CF-A1DE-AE182CEFCBEA}
		{46A22BA5-8F55-4703-8FA0-5698D981C83D} = {4C08FEA4-DFDB-40D9-A288-1BC125649B97}
		{6EBAB3C7-5E94-4714-8DD6-47FF74FE94B1} = {5329A0ED-EB78-457C-864D-ACBECA2CFBBC}
		{1F105A20-30B1-445E-8DE2-01FB5BD4FC48} = {5329A0ED-EB78-457C-864D-ACBECA2CFBBC}
		{DE0DBC37-FA08-44E4-81BE-F34BA8F2F037} = {5329A0ED-EB78-457C-864D-ACBECA2CFBBC}
	EndGlobalSection
EndGlobal
