
Microsoft Visual Studio Solution File, Format Version 12.00
# Visual Studio 14
VisualStudioVersion = 14.0.24720.0
MinimumVisualStudioVersion = 10.0.40219.1
Project("{FAE04EC0-301F-11D3-BF4B-00C04F79EFBC}") = "BitCalculator", "BitCalculator\BitCalculator.csproj", "{0C306338-517F-4F96-8D36-F6F668D89008}"
EndProject
Project("{FAE04EC0-301F-11D3-BF4B-00C04F79EFBC}") = "InformationalSite", "InformationalSite\InformationalSite.csproj", "{8E01AAFE-57EA-45B5-8FAC-A3BFF681E6FC}"
EndProject
Global
	GlobalSection(SolutionConfigurationPlatforms) = preSolution
		Debug|Any CPU = Debug|Any CPU
		Release|Any CPU = Release|Any CPU
	EndGlobalSection
	GlobalSection(ProjectConfigurationPlatforms) = postSolution
		{0C306338-517F-4F96-8D36-F6F668D89008}.Debug|Any CPU.ActiveCfg = Debug|Any CPU
		{0C306338-517F-4F96-8D36-F6F668D89008}.Debug|Any CPU.Build.0 = Debug|Any CPU
		{0C306338-517F-4F96-8D36-F6F668D89008}.Release|Any CPU.ActiveCfg = Release|Any CPU
		{0C306338-517F-4F96-8D36-F6F668D89008}.Release|Any CPU.Build.0 = Release|Any CPU
		{8E01AAFE-57EA-45B5-8FAC-A3BFF681E6FC}.Debug|Any CPU.ActiveCfg = Debug|Any CPU
		{8E01AAFE-57EA-45B5-8FAC-A3BFF681E6FC}.Debug|Any CPU.Build.0 = Debug|Any CPU
		{8E01AAFE-57EA-45B5-8FAC-A3BFF681E6FC}.Release|Any CPU.ActiveCfg = Release|Any CPU
		{8E01AAFE-57EA-45B5-8FAC-A3BFF681E6FC}.Release|Any CPU.Build.0 = Release|Any CPU
	EndGlobalSection
	GlobalSection(SolutionProperties) = preSolution
		HideSolutionNode = FALSE
	EndGlobalSection
EndGlobal
