
Microsoft Visual Studio Solution File, Format Version 12.00
# Visual Studio 2013
VisualStudioVersion = 12.0.21005.1
MinimumVisualStudioVersion = 10.0.40219.1
Project("{FAE04EC0-301F-11D3-BF4B-00C04F79EFBC}") = "08.IsoscelesTriangle", "08.IsoscelesTriangle\08.IsoscelesTriangle.csproj", "{71EE514F-8D92-4CAE-A265-B8C876F80FDD}"
EndProject
Global
	GlobalSection(SolutionConfigurationPlatforms) = preSolution
		Debug|Any CPU = Debug|Any CPU
		Release|Any CPU = Release|Any CPU
	EndGlobalSection
	GlobalSection(ProjectConfigurationPlatforms) = postSolution
		{71EE514F-8D92-4CAE-A265-B8C876F80FDD}.Debug|Any CPU.ActiveCfg = Debug|Any CPU
		{71EE514F-8D92-4CAE-A265-B8C876F80FDD}.Debug|Any CPU.Build.0 = Debug|Any CPU
		{71EE514F-8D92-4CAE-A265-B8C876F80FDD}.Release|Any CPU.ActiveCfg = Release|Any CPU
		{71EE514F-8D92-4CAE-A265-B8C876F80FDD}.Release|Any CPU.Build.0 = Release|Any CPU
	EndGlobalSection
	GlobalSection(SolutionProperties) = preSolution
		HideSolutionNode = FALSE
	EndGlobalSection
EndGlobal
